
Microsoft Visual Studio Solution File, Format Version 12.00
# Visual Studio Version 17
VisualStudioVersion = 17.9.34616.47
MinimumVisualStudioVersion = 10.0.40219.1
Project("{FAE04EC0-301F-11D3-BF4B-00C04F79EFBC}") = "KeePassProtectedKeyStore", "KeePassProtectedKeyStore\KeePassProtectedKeyStore.csproj", "{3AB98FCF-7B43-427B-9982-F2F88C958DEA}"
EndProject
Global
	GlobalSection(SolutionConfigurationPlatforms) = preSolution
		Debug|Any CPU = Debug|Any CPU
		Release|Any CPU = Release|Any CPU
	EndGlobalSection
	GlobalSection(ProjectConfigurationPlatforms) = postSolution
		{3AB98FCF-7B43-427B-9982-F2F88C958DEA}.Debug|Any CPU.ActiveCfg = Debug|Any CPU
		{3AB98FCF-7B43-427B-9982-F2F88C958DEA}.Debug|Any CPU.Build.0 = Debug|Any CPU
		{3AB98FCF-7B43-427B-9982-F2F88C958DEA}.Release|Any CPU.ActiveCfg = Release|Any CPU
		{3AB98FCF-7B43-427B-9982-F2F88C958DEA}.Release|Any CPU.Build.0 = Release|Any CPU
	EndGlobalSection
	GlobalSection(SolutionProperties) = preSolution
		HideSolutionNode = FALSE
	EndGlobalSection
	GlobalSection(ExtensibilityGlobals) = postSolution
		SolutionGuid = {BB60D031-CCDB-42AF-BA36-707165C79F95}
	EndGlobalSection
EndGlobal
